
Microsoft Visual Studio Solution File, Format Version 12.00
# Visual Studio Version 17
VisualStudioVersion = 17.9.34310.174
MinimumVisualStudioVersion = 10.0.40219.1
Project("{FAE04EC0-301F-11D3-BF4B-00C04F79EFBC}") = "Pdf-Test", "Pdf-Test\Pdf-Test.csproj", "{5602C55E-D18E-4BAF-A742-0382D09A85BD}"
EndProject
Project("{9A19103F-16F7-4668-BE54-9A1E7A4F7556}") = "QuestPDF", "ref\Source\QuestPDF\QuestPDF.csproj", "{EA78413A-D1FB-44B0-92F3-CFD328517875}"
EndProject
Global
	GlobalSection(SolutionConfigurationPlatforms) = preSolution
		Debug|Any CPU = Debug|Any CPU
		Release|Any CPU = Release|Any CPU
	EndGlobalSection
	GlobalSection(ProjectConfigurationPlatforms) = postSolution
		{5602C55E-D18E-4BAF-A742-0382D09A85BD}.Debug|Any CPU.ActiveCfg = Debug|Any CPU
		{5602C55E-D18E-4BAF-A742-0382D09A85BD}.Debug|Any CPU.Build.0 = Debug|Any CPU
		{5602C55E-D18E-4BAF-A742-0382D09A85BD}.Release|Any CPU.ActiveCfg = Release|Any CPU
		{5602C55E-D18E-4BAF-A742-0382D09A85BD}.Release|Any CPU.Build.0 = Release|Any CPU
		{EA78413A-D1FB-44B0-92F3-CFD328517875}.Debug|Any CPU.ActiveCfg = Debug|Any CPU
		{EA78413A-D1FB-44B0-92F3-CFD328517875}.Debug|Any CPU.Build.0 = Debug|Any CPU
		{EA78413A-D1FB-44B0-92F3-CFD328517875}.Release|Any CPU.ActiveCfg = Release|Any CPU
		{EA78413A-D1FB-44B0-92F3-CFD328517875}.Release|Any CPU.Build.0 = Release|Any CPU
	EndGlobalSection
	GlobalSection(SolutionProperties) = preSolution
		HideSolutionNode = FALSE
	EndGlobalSection
	GlobalSection(ExtensibilityGlobals) = postSolution
		SolutionGuid = {8390ECBF-A48E-4401-A33C-C742A1834A3D}
	EndGlobalSection
EndGlobal
